
Microsoft Visual Studio Solution File, Format Version 12.00
Project("{2150E333-8FDC-42A3-9474-1A3956D46DE8}") = "Introduction and .NET Basics", "Introduction and .NET Basics", "{F329FEAB-7ED1-44A2-8B74-3FAC5531449E}"
EndProject
Project("{FAE04EC0-301F-11D3-BF4B-00C04F79EFBC}") = "BasicCoding", "BasicCoding\BasicCoding.csproj", "{1CDFC1FA-0485-4FDB-BA59-122DBD7F4FDC}"
EndProject
Project("{FAE04EC0-301F-11D3-BF4B-00C04F79EFBC}") = "Tests", "Tests\Tests.csproj", "{C610169C-7FDF-4864-9CC1-C1FDAA3EEF38}"
EndProject
Global
	GlobalSection(SolutionConfigurationPlatforms) = preSolution
		Debug|Any CPU = Debug|Any CPU
		Release|Any CPU = Release|Any CPU
	EndGlobalSection
	GlobalSection(NestedProjects) = preSolution
		{1CDFC1FA-0485-4FDB-BA59-122DBD7F4FDC} = {F329FEAB-7ED1-44A2-8B74-3FAC5531449E}
		{C610169C-7FDF-4864-9CC1-C1FDAA3EEF38} = {F329FEAB-7ED1-44A2-8B74-3FAC5531449E}
	EndGlobalSection
	GlobalSection(ProjectConfigurationPlatforms) = postSolution
		{1CDFC1FA-0485-4FDB-BA59-122DBD7F4FDC}.Debug|Any CPU.ActiveCfg = Debug|Any CPU
		{1CDFC1FA-0485-4FDB-BA59-122DBD7F4FDC}.Debug|Any CPU.Build.0 = Debug|Any CPU
		{1CDFC1FA-0485-4FDB-BA59-122DBD7F4FDC}.Release|Any CPU.ActiveCfg = Release|Any CPU
		{1CDFC1FA-0485-4FDB-BA59-122DBD7F4FDC}.Release|Any CPU.Build.0 = Release|Any CPU
		{C610169C-7FDF-4864-9CC1-C1FDAA3EEF38}.Debug|Any CPU.ActiveCfg = Debug|Any CPU
		{C610169C-7FDF-4864-9CC1-C1FDAA3EEF38}.Debug|Any CPU.Build.0 = Debug|Any CPU
		{C610169C-7FDF-4864-9CC1-C1FDAA3EEF38}.Release|Any CPU.ActiveCfg = Release|Any CPU
		{C610169C-7FDF-4864-9CC1-C1FDAA3EEF38}.Release|Any CPU.Build.0 = Release|Any CPU
	EndGlobalSection
EndGlobal
