Microsoft Visual Studio Solution File, Format Version 12.00
Project("{2150E333-8FDC-42A3-9474-1A3956D46DE8}") = "Introduction and .NET Basics", "Introduction and .NET Basics", "{F329FEAB-7ED1-44A2-8B74-3FAC5531449E}"
EndProject
Project("{FAE04EC0-301F-11D3-BF4B-00C04F79EFBC}") = "Tests", "Tests\Tests.csproj", "{8F4EFCE3-33D7-4564-B8B6-671A8A0098AF}"
EndProject
Project("{FAE04EC0-301F-11D3-BF4B-00C04F79EFBC}") = "INB", "INB\INB.csproj", "{CCAB7F09-9C70-4E71-9CB5-DDE353F3B00C}"
EndProject
Project("{2150E333-8FDC-42A3-9474-1A3956D46DE8}") = "Object oriented Programming", "Object oriented Programming", "{AF884817-B73F-4900-B8A2-33086F8D6D24}"
EndProject
Project("{FAE04EC0-301F-11D3-BF4B-00C04F79EFBC}") = "BasicsOfOOP", "BasicsOfOOP\BasicsOfOOP.csproj", "{3B8C035E-EAB6-4A9C-8552-75F0D2126F20}"
EndProject
Project("{FAE04EC0-301F-11D3-BF4B-00C04F79EFBC}") = "OODP", "OODP\OODP.csproj", "{B4C6EBBC-DC79-4C4D-AC12-31C31AE758B0}"
EndProject
Project("{2150E333-8FDC-42A3-9474-1A3956D46DE8}") = "Framework Fundametals", "Framework Fundametals", "{721D6364-AD3E-484E-AEE8-157A71AA87A0}"
EndProject
Project("{FAE04EC0-301F-11D3-BF4B-00C04F79EFBC}") = "FF", "FF\FF.csproj", "{EC8C27F0-F149-403C-9330-25AE91710FE3}"
EndProject
Global
	GlobalSection(SolutionConfigurationPlatforms) = preSolution
		Debug|Any CPU = Debug|Any CPU
		Release|Any CPU = Release|Any CPU
	EndGlobalSection
	GlobalSection(NestedProjects) = preSolution
		{CCAB7F09-9C70-4E71-9CB5-DDE353F3B00C} = {F329FEAB-7ED1-44A2-8B74-3FAC5531449E}
		{3B8C035E-EAB6-4A9C-8552-75F0D2126F20} = {AF884817-B73F-4900-B8A2-33086F8D6D24}
		{B4C6EBBC-DC79-4C4D-AC12-31C31AE758B0} = {AF884817-B73F-4900-B8A2-33086F8D6D24}
		{EC8C27F0-F149-403C-9330-25AE91710FE3} = {721D6364-AD3E-484E-AEE8-157A71AA87A0}
	EndGlobalSection
	GlobalSection(ProjectConfigurationPlatforms) = postSolution
		{8F4EFCE3-33D7-4564-B8B6-671A8A0098AF}.Debug|Any CPU.ActiveCfg = Debug|Any CPU
		{8F4EFCE3-33D7-4564-B8B6-671A8A0098AF}.Debug|Any CPU.Build.0 = Debug|Any CPU
		{8F4EFCE3-33D7-4564-B8B6-671A8A0098AF}.Release|Any CPU.ActiveCfg = Release|Any CPU
		{8F4EFCE3-33D7-4564-B8B6-671A8A0098AF}.Release|Any CPU.Build.0 = Release|Any CPU
		{CCAB7F09-9C70-4E71-9CB5-DDE353F3B00C}.Debug|Any CPU.ActiveCfg = Debug|Any CPU
		{CCAB7F09-9C70-4E71-9CB5-DDE353F3B00C}.Debug|Any CPU.Build.0 = Debug|Any CPU
		{CCAB7F09-9C70-4E71-9CB5-DDE353F3B00C}.Release|Any CPU.ActiveCfg = Release|Any CPU
		{CCAB7F09-9C70-4E71-9CB5-DDE353F3B00C}.Release|Any CPU.Build.0 = Release|Any CPU
		{3B8C035E-EAB6-4A9C-8552-75F0D2126F20}.Debug|Any CPU.ActiveCfg = Debug|Any CPU
		{3B8C035E-EAB6-4A9C-8552-75F0D2126F20}.Debug|Any CPU.Build.0 = Debug|Any CPU
		{3B8C035E-EAB6-4A9C-8552-75F0D2126F20}.Release|Any CPU.ActiveCfg = Release|Any CPU
		{3B8C035E-EAB6-4A9C-8552-75F0D2126F20}.Release|Any CPU.Build.0 = Release|Any CPU
		{B4C6EBBC-DC79-4C4D-AC12-31C31AE758B0}.Debug|Any CPU.ActiveCfg = Debug|Any CPU
		{B4C6EBBC-DC79-4C4D-AC12-31C31AE758B0}.Debug|Any CPU.Build.0 = Debug|Any CPU
		{B4C6EBBC-DC79-4C4D-AC12-31C31AE758B0}.Release|Any CPU.ActiveCfg = Release|Any CPU
		{B4C6EBBC-DC79-4C4D-AC12-31C31AE758B0}.Release|Any CPU.Build.0 = Release|Any CPU
		{EC8C27F0-F149-403C-9330-25AE91710FE3}.Debug|Any CPU.ActiveCfg = Debug|Any CPU
		{EC8C27F0-F149-403C-9330-25AE91710FE3}.Debug|Any CPU.Build.0 = Debug|Any CPU
		{EC8C27F0-F149-403C-9330-25AE91710FE3}.Release|Any CPU.ActiveCfg = Release|Any CPU
		{EC8C27F0-F149-403C-9330-25AE91710FE3}.Release|Any CPU.Build.0 = Release|Any CPU
	EndGlobalSection
EndGlobal
